
Microsoft Visual Studio Solution File, Format Version 12.00
# Visual Studio Version 17
VisualStudioVersion = 17.14.36327.8 d17.14
MinimumVisualStudioVersion = 10.0.40219.1
Project("{FAE04EC0-301F-11D3-BF4B-00C04F79EFBC}") = "WorkPaysHer", "WorkPaysHer.csproj", "{80032365-CFBB-4553-89E5-0D252E71E298}"
EndProject
Global
	GlobalSection(SolutionConfigurationPlatforms) = preSolution
		Debug|Any CPU = Debug|Any CPU
		Release|Any CPU = Release|Any CPU
	EndGlobalSection
	GlobalSection(ProjectConfigurationPlatforms) = postSolution
		{80032365-CFBB-4553-89E5-0D252E71E298}.Debug|Any CPU.ActiveCfg = Debug|Any CPU
		{80032365-CFBB-4553-89E5-0D252E71E298}.Debug|Any CPU.Build.0 = Debug|Any CPU
		{80032365-CFBB-4553-89E5-0D252E71E298}.Release|Any CPU.ActiveCfg = Release|Any CPU
		{80032365-CFBB-4553-89E5-0D252E71E298}.Release|Any CPU.Build.0 = Release|Any CPU
	EndGlobalSection
	GlobalSection(SolutionProperties) = preSolution
		HideSolutionNode = FALSE
	EndGlobalSection
	GlobalSection(ExtensibilityGlobals) = postSolution
		SolutionGuid = {63C7FE13-79E6-40CE-A9F0-72D3774D8DB9}
	EndGlobalSection
EndGlobal
